
Microsoft Visual Studio Solution File, Format Version 12.00
# Visual Studio Version 17
VisualStudioVersion = 17.9.34723.18
MinimumVisualStudioVersion = 10.0.40219.1
Project("{FAE04EC0-301F-11D3-BF4B-00C04F79EFBC}") = "Suitcase-Website", "Suitcase-Website\Suitcase-Website.csproj", "{DF7326E9-20F9-4B43-8635-06193C2FB338}"
EndProject
Global
	GlobalSection(SolutionConfigurationPlatforms) = preSolution
		Debug|Any CPU = Debug|Any CPU
		Release|Any CPU = Release|Any CPU
	EndGlobalSection
	GlobalSection(ProjectConfigurationPlatforms) = postSolution
		{DF7326E9-20F9-4B43-8635-06193C2FB338}.Debug|Any CPU.ActiveCfg = Debug|Any CPU
		{DF7326E9-20F9-4B43-8635-06193C2FB338}.Debug|Any CPU.Build.0 = Debug|Any CPU
		{DF7326E9-20F9-4B43-8635-06193C2FB338}.Release|Any CPU.ActiveCfg = Release|Any CPU
		{DF7326E9-20F9-4B43-8635-06193C2FB338}.Release|Any CPU.Build.0 = Release|Any CPU
	EndGlobalSection
	GlobalSection(SolutionProperties) = preSolution
		HideSolutionNode = FALSE
	EndGlobalSection
	GlobalSection(ExtensibilityGlobals) = postSolution
		SolutionGuid = {5FC5F1A9-5BEE-49BA-9B8E-F0ED73F6B566}
	EndGlobalSection
EndGlobal
